
Microsoft Visual Studio Solution File, Format Version 12.00
# Visual Studio Version 17
VisualStudioVersion = 17.3.32929.385
MinimumVisualStudioVersion = 10.0.40219.1
Project("{9A19103F-16F7-4668-BE54-9A1E7A4F7556}") = "MyPet", "MyPet\MyPet.csproj", "{04A57F5E-DBD4-4A20-98F6-01CA1711DF71}"
EndProject
Project("{9A19103F-16F7-4668-BE54-9A1E7A4F7556}") = "DataParser", "DataParser\DataParser.csproj", "{CAEAD0AD-C80B-499F-B2D1-996CD367C6F4}"
EndProject
Project("{2150E333-8FDC-42A3-9474-1A3956D46DE8}") = "Solution Items", "Solution Items", "{FDAF21CE-0C96-463D-A302-B21A9C4700C7}"
	ProjectSection(SolutionItems) = preProject
		docker-compose.yml = docker-compose.yml
	EndProjectSection
EndProject
Global
	GlobalSection(SolutionConfigurationPlatforms) = preSolution
		Debug|Any CPU = Debug|Any CPU
		Release|Any CPU = Release|Any CPU
	EndGlobalSection
	GlobalSection(ProjectConfigurationPlatforms) = postSolution
		{04A57F5E-DBD4-4A20-98F6-01CA1711DF71}.Debug|Any CPU.ActiveCfg = Debug|Any CPU
		{04A57F5E-DBD4-4A20-98F6-01CA1711DF71}.Debug|Any CPU.Build.0 = Debug|Any CPU
		{04A57F5E-DBD4-4A20-98F6-01CA1711DF71}.Release|Any CPU.ActiveCfg = Release|Any CPU
		{04A57F5E-DBD4-4A20-98F6-01CA1711DF71}.Release|Any CPU.Build.0 = Release|Any CPU
		{CAEAD0AD-C80B-499F-B2D1-996CD367C6F4}.Debug|Any CPU.ActiveCfg = Debug|Any CPU
		{CAEAD0AD-C80B-499F-B2D1-996CD367C6F4}.Debug|Any CPU.Build.0 = Debug|Any CPU
		{CAEAD0AD-C80B-499F-B2D1-996CD367C6F4}.Release|Any CPU.ActiveCfg = Release|Any CPU
		{CAEAD0AD-C80B-499F-B2D1-996CD367C6F4}.Release|Any CPU.Build.0 = Release|Any CPU
	EndGlobalSection
	GlobalSection(SolutionProperties) = preSolution
		HideSolutionNode = FALSE
	EndGlobalSection
	GlobalSection(ExtensibilityGlobals) = postSolution
		SolutionGuid = {58C84C1F-E9B7-44EC-8292-289A48053A6C}
	EndGlobalSection
EndGlobal
